// !$*UTF8*$!
{
	archiveVersion = 1;
	classes = {
	};
	objectVersion = 46;
	objects = {

/* Begin PBXBuildFile section */
		840FF9451AB1A77C008EE3A0 /* AppDelegate.swift in Sources */ = {isa = PBXBuildFile; fileRef = 840FF9441AB1A77C008EE3A0 /* AppDelegate.swift */; };
		840FF9471AB1A77C008EE3A0 /* ViewController.swift in Sources */ = {isa = PBXBuildFile; fileRef = 840FF9461AB1A77C008EE3A0 /* ViewController.swift */; };
		840FF94A1AB1A77C008EE3A0 /* Main.storyboard in Resources */ = {isa = PBXBuildFile; fileRef = 840FF9481AB1A77C008EE3A0 /* Main.storyboard */; };
		840FF94C1AB1A77C008EE3A0 /* Images.xcassets in Resources */ = {isa = PBXBuildFile; fileRef = 840FF94B1AB1A77C008EE3A0 /* Images.xcassets */; };
		840FF94F1AB1A77C008EE3A0 /* LaunchScreen.xib in Resources */ = {isa = PBXBuildFile; fileRef = 840FF94D1AB1A77C008EE3A0 /* LaunchScreen.xib */; };
		840FF95B1AB1A77C008EE3A0 /* Student_Feedback_FormTests.swift in Sources */ = {isa = PBXBuildFile; fileRef = 840FF95A1AB1A77C008EE3A0 /* Student_Feedback_FormTests.swift */; };
/* End PBXBuildFile section */

/* Begin PBXContainerItemProxy section */
		840FF9551AB1A77C008EE3A0 /* PBXContainerItemProxy */ = {
			isa = PBXContainerItemProxy;
			containerPortal = 840FF9371AB1A77C008EE3A0 /* Project object */;
			proxyType = 1;
			remoteGlobalIDString = 840FF93E1AB1A77C008EE3A0;
			remoteInfo = "Student Feedback Form";
		};
/* End PBXContainerItemProxy section */

/* Begin PBXFileReference section */
		840FF93F1AB1A77C008EE3A0 /* Student Feedback Form.app */ = {isa = PBXFileReference; explicitFileType = wrapper.application; includeInIndex = 0; path = "Student Feedback Form.app"; sourceTree = BUILT_PRODUCTS_DIR; };
		840FF9431AB1A77C008EE3A0 /* Info.plist */ = {isa = PBXFileReference; lastKnownFileType = text.plist.xml; path = Info.plist; sourceTree = "<group>"; };
		840FF9441AB1A77C008EE3A0 /* AppDelegate.swift */ = {isa = PBXFileReference; lastKnownFileType = sourcecode.swift; path = AppDelegate.swift; sourceTree = "<group>"; };
		840FF9461AB1A77C008EE3A0 /* ViewController.swift */ = {isa = PBXFileReference; lastKnownFileType = sourcecode.swift; path = ViewController.swift; sourceTree = "<group>"; };
		840FF9491AB1A77C008EE3A0 /* Base */ = {isa = PBXFileReference; lastKnownFileType = file.storyboard; name = Base; path = Base.lproj/Main.storyboard; sourceTree = "<group>"; };
		840FF94B1AB1A77C008EE3A0 /* Images.xcassets */ = {isa = PBXFileReference; lastKnownFileType = folder.assetcatalog; path = Images.xcassets; sourceTree = "<group>"; };
		840FF94E1AB1A77C008EE3A0 /* Base */ = {isa = PBXFileReference; lastKnownFileType = file.xib; name = Base; path = Base.lproj/LaunchScreen.xib; sourceTree = "<group>"; };
		840FF9541AB1A77C008EE3A0 /* Student Feedback FormTests.xctest */ = {isa = PBXFileReference; explicitFileType = wrapper.cfbundle; includeInIndex = 0; path = "Student Feedback FormTests.xctest"; sourceTree = BUILT_PRODUCTS_DIR; };
		840FF9591AB1A77C008EE3A0 /* Info.plist */ = {isa = PBXFileReference; lastKnownFileType = text.plist.xml; path = Info.plist; sourceTree = "<group>"; };
		840FF95A1AB1A77C008EE3A0 /* Student_Feedback_FormTests.swift */ = {isa = PBXFileReference; lastKnownFileType = sourcecode.swift; path = Student_Feedback_FormTests.swift; sourceTree = "<group>"; };
/* End PBXFileReference section */

/* Begin PBXFrameworksBuildPhase section */
		840FF93C1AB1A77C008EE3A0 /* Frameworks */ = {
			isa = PBXFrameworksBuildPhase;
			buildActionMask = 2147483647;
			files = (
			);
			runOnlyForDeploymentPostprocessing = 0;
		};
		840FF9511AB1A77C008EE3A0 /* Frameworks */ = {
			isa = PBXFrameworksBuildPhase;
			buildActionMask = 2147483647;
			files = (
			);
			runOnlyForDeploymentPostprocessing = 0;
		};
/* End PBXFrameworksBuildPhase section */

/* Begin PBXGroup section */
		840FF9361AB1A77C008EE3A0 = {
			isa = PBXGroup;
			children = (
				840FF9411AB1A77C008EE3A0 /* Student Feedback Form */,
				840FF9571AB1A77C008EE3A0 /* Student Feedback FormTests */,
				840FF9401AB1A77C008EE3A0 /* Products */,
			);
			sourceTree = "<group>";
		};
		840FF9401AB1A77C008EE3A0 /* Products */ = {
			isa = PBXGroup;
			children = (
				840FF93F1AB1A77C008EE3A0 /* Student Feedback Form.app */,
				840FF9541AB1A77C008EE3A0 /* Student Feedback FormTests.xctest */,
			);
			name = Products;
			sourceTree = "<group>";
		};
		840FF9411AB1A77C008EE3A0 /* Student Feedback Form */ = {
			isa = PBXGroup;
			children = (
				840FF9441AB1A77C008EE3A0 /* AppDelegate.swift */,
				840FF9461AB1A77C008EE3A0 /* ViewController.swift */,
				840FF9481AB1A77C008EE3A0 /* Main.storyboard */,
				840FF94B1AB1A77C008EE3A0 /* Images.xcassets */,
				840FF94D1AB1A77C008EE3A0 /* LaunchScreen.xib */,
				840FF9421AB1A77C008EE3A0 /* Supporting Files */,
			);
			path = "Student Feedback Form";
			sourceTree = "<group>";
		};
		840FF9421AB1A77C008EE3A0 /* Supporting Files */ = {
			isa = PBXGroup;
			children = (
				840FF9431AB1A77C008EE3A0 /* Info.plist */,
			);
			name = "Supporting Files";
			sourceTree = "<group>";
		};
		840FF9571AB1A77C008EE3A0 /* Student Feedback FormTests */ = {
			isa = PBXGroup;
			children = (
				840FF95A1AB1A77C008EE3A0 /* Student_Feedback_FormTests.swift */,
				840FF9581AB1A77C008EE3A0 /* Supporting Files */,
			);
			path = "Student Feedback FormTests";
			sourceTree = "<group>";
		};
		840FF9581AB1A77C008EE3A0 /* Supporting Files */ = {
			isa = PBXGroup;
			children = (
				840FF9591AB1A77C008EE3A0 /* Info.plist */,
			);
			name = "Supporting Files";
			sourceTree = "<group>";
		};
/* End PBXGroup section */

/* Begin PBXNativeTarget section */
		840FF93E1AB1A77C008EE3A0 /* Student Feedback Form */ = {
			isa = PBXNativeTarget;
			buildConfigurationList = 840FF95E1AB1A77C008EE3A0 /* Build configuration list for PBXNativeTarget "Student Feedback Form" */;
			buildPhases = (
				840FF93B1AB1A77C008EE3A0 /* Sources */,
				840FF93C1AB1A77C008EE3A0 /* Frameworks */,
				840FF93D1AB1A77C008EE3A0 /* Resources */,
			);
			buildRules = (
			);
			dependencies = (
			);
			name = "Student Feedback Form";
			productName = "Student Feedback Form";
			productReference = 840FF93F1AB1A77C008EE3A0 /* Student Feedback Form.app */;
			productType = "com.apple.product-type.application";
		};
		840FF9531AB1A77C008EE3A0 /* Student Feedback FormTests */ = {
			isa = PBXNativeTarget;
			buildConfigurationList = 840FF9611AB1A77C008EE3A0 /* Build configuration list for PBXNativeTarget "Student Feedback FormTests" */;
			buildPhases = (
				840FF9501AB1A77C008EE3A0 /* Sources */,
				840FF9511AB1A77C008EE3A0 /* Frameworks */,
				840FF9521AB1A77C008EE3A0 /* Resources */,
			);
			buildRules = (
			);
			dependencies = (
				840FF9561AB1A77C008EE3A0 /* PBXTargetDependency */,
			);
			name = "Student Feedback FormTests";
			productName = "Student Feedback FormTests";
			productReference = 840FF9541AB1A77C008EE3A0 /* Student Feedback FormTests.xctest */;
			productType = "com.apple.product-type.bundle.unit-test";
		};
/* End PBXNativeTarget section */

/* Begin PBXProject section */
		840FF9371AB1A77C008EE3A0 /* Project object */ = {
			isa = PBXProject;
			attributes = {
				LastUpgradeCheck = 0610;
				ORGANIZATIONNAME = "Ash n Pari";
				TargetAttributes = {
					840FF93E1AB1A77C008EE3A0 = {
						CreatedOnToolsVersion = 6.1.1;
					};
					840FF9531AB1A77C008EE3A0 = {
						CreatedOnToolsVersion = 6.1.1;
						TestTargetID = 840FF93E1AB1A77C008EE3A0;
					};
				};
			};
			buildConfigurationList = 840FF93A1AB1A77C008EE3A0 /* Build configuration list for PBXProject "Student Feedback Form" */;
			compatibilityVersion = "Xcode 3.2";
			developmentRegion = English;
			hasScannedForEncodings = 0;
			knownRegions = (
				en,
				Base,
			);
			mainGroup = 840FF9361AB1A77C008EE3A0;
			productRefGroup = 840FF9401AB1A77C008EE3A0 /* Products */;
			projectDirPath = "";
			projectRoot = "";
			targets = (
				840FF93E1AB1A77C008EE3A0 /* Student Feedback Form */,
				840FF9531AB1A77C008EE3A0 /* Student Feedback FormTests */,
			);
		};
/* End PBXProject section */

/* Begin PBXResourcesBuildPhase section */
		840FF93D1AB1A77C008EE3A0 /* Resources */ = {
			isa = PBXResourcesBuildPhase;
			buildActionMask = 2147483647;
			files = (
				840FF94A1AB1A77C008EE3A0 /* Main.storyboard in Resources */,
				840FF94F1AB1A77C008EE3A0 /* LaunchScreen.xib in Resources */,
				840FF94C1AB1A77C008EE3A0 /* Images.xcassets in Resources */,
			);
			runOnlyForDeploymentPostprocessing = 0;
		};
		840FF9521AB1A77C008EE3A0 /* Resources */ = {
			isa = PBXResourcesBuildPhase;
			buildActionMask = 2147483647;
			files = (
			);
			runOnlyForDeploymentPostprocessing = 0;
		};
/* End PBXResourcesBuildPhase section */

/* Begin PBXSourcesBuildPhase section */
		840FF93B1AB1A77C008EE3A0 /* Sources */ = {
			isa = PBXSourcesBuildPhase;
			buildActionMask = 2147483647;
			files = (
				840FF9471AB1A77C008EE3A0 /* ViewController.swift in Sources */,
				840FF9451AB1A77C008EE3A0 /* AppDelegate.swift in Sources */,
			);
			runOnlyForDeploymentPostprocessing = 0;
		};
		840FF9501AB1A77C008EE3A0 /* Sources */ = {
			isa = PBXSourcesBuildPhase;
			buildActionMask = 2147483647;
			files = (
				840FF95B1AB1A77C008EE3A0 /* Student_Feedback_FormTests.swift in Sources */,
			);
			runOnlyForDeploymentPostprocessing = 0;
		};
/* End PBXSourcesBuildPhase section */

/* Begin PBXTargetDependency section */
		840FF9561AB1A77C008EE3A0 /* PBXTargetDependency */ = {
			isa = PBXTargetDependency;
			target = 840FF93E1AB1A77C008EE3A0 /* Student Feedback Form */;
			targetProxy = 840FF9551AB1A77C008EE3A0 /* PBXContainerItemProxy */;
		};
/* End PBXTargetDependency section */

/* Begin PBXVariantGroup section */
		840FF9481AB1A77C008EE3A0 /* Main.storyboard */ = {
			isa = PBXVariantGroup;
			children = (
				840FF9491AB1A77C008EE3A0 /* Base */,
			);
			name = Main.storyboard;
			sourceTree = "<group>";
		};
		840FF94D1AB1A77C008EE3A0 /* LaunchScreen.xib */ = {
			isa = PBXVariantGroup;
			children = (
				840FF94E1AB1A77C008EE3A0 /* Base */,
			);
			name = LaunchScreen.xib;
			sourceTree = "<group>";
		};
/* End PBXVariantGroup section */

/* Begin XCBuildConfiguration section */
		840FF95C1AB1A77C008EE3A0 /* Debug */ = {
			isa = XCBuildConfiguration;
			buildSettings = {
				ALWAYS_SEARCH_USER_PATHS = NO;
				CLANG_CXX_LANGUAGE_STANDARD = "gnu++0x";
				CLANG_CXX_LIBRARY = "libc++";
				CLANG_ENABLE_MODULES = YES;
				CLANG_ENABLE_OBJC_ARC = YES;
				CLANG_WARN_BOOL_CONVERSION = YES;
				CLANG_WARN_CONSTANT_CONVERSION = YES;
				CLANG_WARN_DIRECT_OBJC_ISA_USAGE = YES_ERROR;
				CLANG_WARN_EMPTY_BODY = YES;
				CLANG_WARN_ENUM_CONVERSION = YES;
				CLANG_WARN_INT_CONVERSION = YES;
				CLANG_WARN_OBJC_ROOT_CLASS = YES_ERROR;
				CLANG_WARN_UNREACHABLE_CODE = YES;
				CLANG_WARN__DUPLICATE_METHOD_MATCH = YES;
				"CODE_SIGN_IDENTITY[sdk=iphoneos*]" = "iPhone Developer";
				COPY_PHASE_STRIP = NO;
				ENABLE_STRICT_OBJC_MSGSEND = YES;
				GCC_C_LANGUAGE_STANDARD = gnu99;
				GCC_DYNAMIC_NO_PIC = NO;
				GCC_OPTIMIZATION_LEVEL = 0;
				GCC_PREPROCESSOR_DEFINITIONS = (
					"DEBUG=1",
					"$(inherited)",
				);
				GCC_SYMBOLS_PRIVATE_EXTERN = NO;
				GCC_WARN_64_TO_32_BIT_CONVERSION = YES;
				GCC_WARN_ABOUT_RETURN_TYPE = YES_ERROR;
				GCC_WARN_UNDECLARED_SELECTOR = YES;
				GCC_WARN_UNINITIALIZED_AUTOS = YES_AGGRESSIVE;
				GCC_WARN_UNUSED_FUNCTION = YES;
				GCC_WARN_UNUSED_VARIABLE = YES;
				IPHONEOS_DEPLOYMENT_TARGET = 8.1;
				MTL_ENABLE_DEBUG_INFO = YES;
				ONLY_ACTIVE_ARCH = YES;
				SDKROOT = iphoneos;
				SWIFT_OPTIMIZATION_LEVEL = "-Onone";
			};
			name = Debug;
		};
		840FF95D1AB1A77C008EE3A0 /* Release */ = {
			isa = XCBuildConfiguration;
			buildSettings = {
				ALWAYS_SEARCH_USER_PATHS = NO;
				CLANG_CXX_LANGUAGE_STANDARD = "gnu++0x";
				CLANG_CXX_LIBRARY = "libc++";
				CLANG_ENABLE_MODULES = YES;
				CLANG_ENABLE_OBJC_ARC = YES;
				CLANG_WARN_BOOL_CONVERSION = YES;
				CLANG_WARN_CONSTANT_CONVERSION = YES;
				CLANG_WARN_DIRECT_OBJC_ISA_USAGE = YES_ERROR;
				CLANG_WARN_EMPTY_BODY = YES;
				CLANG_WARN_ENUM_CONVERSION = YES;
				CLANG_WARN_INT_CONVERSION = YES;
				CLANG_WARN_OBJC_ROOT_CLASS = YES_ERROR;
				CLANG_WARN_UNREACHABLE_CODE = YES;
				CLANG_WARN__DUPLICATE_METHOD_MATCH = YES;
				"CODE_SIGN_IDENTITY[sdk=iphoneos*]" = "iPhone Developer";
				COPY_PHASE_STRIP = YES;
				ENABLE_NS_ASSERTIONS = NO;
				ENABLE_STRICT_OBJC_MSGSEND = YES;
				GCC_C_LANGUAGE_STANDARD = gnu99;
				GCC_WARN_64_TO_32_BIT_CONVERSION = YES;
				GCC_WARN_ABOUT_RETURN_TYPE = YES_ERROR;
				GCC_WARN_UNDECLARED_SELECTOR = YES;
				GCC_WARN_UNINITIALIZED_AUTOS = YES_AGGRESSIVE;
				GCC_WARN_UNUSED_FUNCTION = YES;
				GCC_WARN_UNUSED_VARIABLE = YES;
				IPHONEOS_DEPLOYMENT_TARGET = 8.1;
				MTL_ENABLE_DEBUG_INFO = NO;
				SDKROOT = iphoneos;
				VALIDATE_PRODUCT = YES;
			};
			name = Release;
		};
		840FF95F1AB1A77C008EE3A0 /* Debug */ = {
			isa = XCBuildConfiguration;
			buildSettings = {
				ASSETCATALOG_COMPILER_APPICON_NAME = AppIcon;
				INFOPLIST_FILE = "Student Feedback Form/Info.plist";
				LD_RUNPATH_SEARCH_PATHS = "$(inherited) @executable_path/Frameworks";
				PRODUCT_NAME = "$(TARGET_NAME)";
			};
			name = Debug;
		};
		840FF9601AB1A77C008EE3A0 /* Release */ = {
			isa = XCBuildConfiguration;
			buildSettings = {
				ASSETCATALOG_COMPILER_APPICON_NAME = AppIcon;
				INFOPLIST_FILE = "Student Feedback Form/Info.plist";
				LD_RUNPATH_SEARCH_PATHS = "$(inherited) @executable_path/Frameworks";
				PRODUCT_NAME = "$(TARGET_NAME)";
			};
			name = Release;
		};
		840FF9621AB1A77C008EE3A0 /* Debug */ = {
			isa = XCBuildConfiguration;
			buildSettings = {
				BUNDLE_LOADER = "$(TEST_HOST)";
				FRAMEWORK_SEARCH_PATHS = (
					"$(SDKROOT)/Developer/Library/Frameworks",
					"$(inherited)",
				);
				GCC_PREPROCESSOR_DEFINITIONS = (
					"DEBUG=1",
					"$(inherited)",
				);
				INFOPLIST_FILE = "Student Feedback FormTests/Info.plist";
				LD_RUNPATH_SEARCH_PATHS = "$(inherited) @executable_path/Frameworks @loader_path/Frameworks";
				PRODUCT_NAME = "$(TARGET_NAME)";
				TEST_HOST = "$(BUILT_PRODUCTS_DIR)/Student Feedback Form.app/Student Feedback Form";
			};
			name = Debug;
		};
		840FF9631AB1A77C008EE3A0 /* Release */ = {
			isa = XCBuildConfiguration;
			buildSettings = {
				BUNDLE_LOADER = "$(TEST_HOST)";
				FRAMEWORK_SEARCH_PATHS = (
					"$(SDKROOT)/Developer/Library/Frameworks",
					"$(inherited)",
				);
				INFOPLIST_FILE = "Student Feedback FormTests/Info.plist";
				LD_RUNPATH_SEARCH_PATHS = "$(inherited) @executable_path/Frameworks @loader_path/Frameworks";
				PRODUCT_NAME = "$(TARGET_NAME)";
				TEST_HOST = "$(BUILT_PRODUCTS_DIR)/Student Feedback Form.app/Student Feedback Form";
			};
			name = Release;
		};
/* End XCBuildConfiguration section */

/* Begin XCConfigurationList section */
		840FF93A1AB1A77C008EE3A0 /* Build configuration list for PBXProject "Student Feedback Form" */ = {
			isa = XCConfigurationList;
			buildConfigurations = (
				840FF95C1AB1A77C008EE3A0 /* Debug */,
				840FF95D1AB1A77C008EE3A0 /* Release */,
			);
			defaultConfigurationIsVisible = 0;
			defaultConfigurationName = Release;
		};
		840FF95E1AB1A77C008EE3A0 /* Build configuration list for PBXNativeTarget "Student Feedback Form" */ = {
			isa = XCConfigurationList;
			buildConfigurations = (
				840FF95F1AB1A77C008EE3A0 /* Debug */,
				840FF9601AB1A77C008EE3A0 /* Release */,
			);
			defaultConfigurationIsVisible = 0;
		};
		840FF9611AB1A77C008EE3A0 /* Build configuration list for PBXNativeTarget "Student Feedback FormTests" */ = {
			isa = XCConfigurationList;
			buildConfigurations = (
				840FF9621AB1A77C008EE3A0 /* Debug */,
				840FF9631AB1A77C008EE3A0 /* Release */,
			);
			defaultConfigurationIsVisible = 0;
		};
/* End XCConfigurationList section */
	};
	rootObject = 840FF9371AB1A77C008EE3A0 /* Project object */;
}
